
Microsoft Visual Studio Solution File, Format Version 12.00
# Visual Studio 15
VisualStudioVersion = 15.0.28307.168
MinimumVisualStudioVersion = 10.0.40219.1
Project("{FAE04EC0-301F-11D3-BF4B-00C04F79EFBC}") = "SatGit", "SatGit\SatGit.csproj", "{6E4063E7-EDC5-4082-B30B-99F820386365}"
EndProject
Global
	GlobalSection(SolutionConfigurationPlatforms) = preSolution
		Debug|Any CPU = Debug|Any CPU
		Release|Any CPU = Release|Any CPU
	EndGlobalSection
	GlobalSection(ProjectConfigurationPlatforms) = postSolution
		{6E4063E7-EDC5-4082-B30B-99F820386365}.Debug|Any CPU.ActiveCfg = Debug|Any CPU
		{6E4063E7-EDC5-4082-B30B-99F820386365}.Debug|Any CPU.Build.0 = Debug|Any CPU
		{6E4063E7-EDC5-4082-B30B-99F820386365}.Release|Any CPU.ActiveCfg = Release|Any CPU
		{6E4063E7-EDC5-4082-B30B-99F820386365}.Release|Any CPU.Build.0 = Release|Any CPU
	EndGlobalSection
	GlobalSection(SolutionProperties) = preSolution
		HideSolutionNode = FALSE
	EndGlobalSection
	GlobalSection(ExtensibilityGlobals) = postSolution
		SolutionGuid = {E37EC5FF-9BBA-4B03-AAC0-20662C54DDE3}
	EndGlobalSection
EndGlobal
